
Microsoft Visual Studio Solution File, Format Version 12.00
# Visual Studio Version 16
VisualStudioVersion = 16.0.29102.190
MinimumVisualStudioVersion = 10.0.40219.1
Project("{FAE04EC0-301F-11D3-BF4B-00C04F79EFBC}") = "Behavioral.Visitor.Dynamic", "Behavioral.Visitor.Dynamic\Behavioral.Visitor.Dynamic.csproj", "{84A13695-ED33-4A5C-A946-93AD094058CD}"
EndProject
Global
	GlobalSection(SolutionConfigurationPlatforms) = preSolution
		Debug|Any CPU = Debug|Any CPU
		Release|Any CPU = Release|Any CPU
	EndGlobalSection
	GlobalSection(ProjectConfigurationPlatforms) = postSolution
		{84A13695-ED33-4A5C-A946-93AD094058CD}.Debug|Any CPU.ActiveCfg = Debug|Any CPU
		{84A13695-ED33-4A5C-A946-93AD094058CD}.Debug|Any CPU.Build.0 = Debug|Any CPU
		{84A13695-ED33-4A5C-A946-93AD094058CD}.Release|Any CPU.ActiveCfg = Release|Any CPU
		{84A13695-ED33-4A5C-A946-93AD094058CD}.Release|Any CPU.Build.0 = Release|Any CPU
	EndGlobalSection
	GlobalSection(SolutionProperties) = preSolution
		HideSolutionNode = FALSE
	EndGlobalSection
	GlobalSection(ExtensibilityGlobals) = postSolution
		SolutionGuid = {D25E7948-39B3-4069-A273-FE8A929D85EA}
	EndGlobalSection
EndGlobal
